
Microsoft Visual Studio Solution File, Format Version 12.00
# Visual Studio 15
VisualStudioVersion = 15.0.28307.136
MinimumVisualStudioVersion = 10.0.40219.1
Project("{2150E333-8FDC-42A3-9474-1A3956D46DE8}") = "G_CodePro", "G_CodePro", "{05885794-79D1-4D8F-B56A-AE836DE22F49}"
EndProject
Project("{2150E333-8FDC-42A3-9474-1A3956D46DE8}") = "MotionSys", "MotionSys", "{655A474F-CC27-4DBA-8897-436C2E7298BB}"
EndProject
Project("{2150E333-8FDC-42A3-9474-1A3956D46DE8}") = "LogIniSys", "LogIniSys", "{C0786D1C-603F-4738-9D00-ED886FC9AF9B}"
EndProject
Project("{FAE04EC0-301F-11D3-BF4B-00C04F79EFBC}") = "MainForm", "MainForm\MainForm.csproj", "{18EA9570-0AF4-4B2B-B37D-8D29F899F444}"
EndProject
Project("{FAE04EC0-301F-11D3-BF4B-00C04F79EFBC}") = "Logger", "Logger\Logger\Logger.csproj", "{21A3C93F-BBE5-4CA5-9209-6EDBF4F761ED}"
EndProject
Project("{FAE04EC0-301F-11D3-BF4B-00C04F79EFBC}") = "TestDxfDocument", "netDxf\TestDxfDocument\TestDxfDocument.csproj", "{65B33B00-93CE-484A-8023-7A9BA972D4D1}"
EndProject
Project("{FAE04EC0-301F-11D3-BF4B-00C04F79EFBC}") = "GCodeNet", "GCodeNet\GCodeNet\GCodeNet.csproj", "{12E6988E-D61B-4D15-AE53-6478EA04939F}"
EndProject
Project("{FAE04EC0-301F-11D3-BF4B-00C04F79EFBC}") = "Examples", "GCodeNet\Examples\Examples.csproj", "{BE7EB1B0-A70B-43A9-AE03-CC84643C8D15}"
EndProject
Project("{FAE04EC0-301F-11D3-BF4B-00C04F79EFBC}") = "APPConfig", "APPConfig\APPConfig.csproj", "{B5729AE8-2AE6-4AE3-87E4-56F7061D9F45}"
EndProject
Project("{FAE04EC0-301F-11D3-BF4B-00C04F79EFBC}") = "netDxf", "netDxf\netDxf\netDxf.csproj", "{785380E0-CEB9-4C34-82E5-60D0E33E848E}"
EndProject
Project("{FAE04EC0-301F-11D3-BF4B-00C04F79EFBC}") = "NetDXFViewer", "NetDXFViewer\NetDXFViewer.csproj", "{3D06B912-D2E7-4E55-B6A7-A2BC597BE28F}"
EndProject
Project("{FAE04EC0-301F-11D3-BF4B-00C04F79EFBC}") = "GRBL-Plotter", "GRBL-Plotter\GRBL-Plotter.csproj", "{8079D7D8-2B91-4A22-A13E-7E5AC5A9E5FC}"
EndProject
Global
	GlobalSection(SolutionConfigurationPlatforms) = preSolution
		Debug|Any CPU = Debug|Any CPU
		Debug|x86 = Debug|x86
		Release|Any CPU = Release|Any CPU
		Release|x86 = Release|x86
	EndGlobalSection
	GlobalSection(ProjectConfigurationPlatforms) = postSolution
		{18EA9570-0AF4-4B2B-B37D-8D29F899F444}.Debug|Any CPU.ActiveCfg = Debug|Any CPU
		{18EA9570-0AF4-4B2B-B37D-8D29F899F444}.Debug|Any CPU.Build.0 = Debug|Any CPU
		{18EA9570-0AF4-4B2B-B37D-8D29F899F444}.Debug|x86.ActiveCfg = Debug|Any CPU
		{18EA9570-0AF4-4B2B-B37D-8D29F899F444}.Debug|x86.Build.0 = Debug|Any CPU
		{18EA9570-0AF4-4B2B-B37D-8D29F899F444}.Release|Any CPU.ActiveCfg = Release|Any CPU
		{18EA9570-0AF4-4B2B-B37D-8D29F899F444}.Release|Any CPU.Build.0 = Release|Any CPU
		{18EA9570-0AF4-4B2B-B37D-8D29F899F444}.Release|x86.ActiveCfg = Release|Any CPU
		{18EA9570-0AF4-4B2B-B37D-8D29F899F444}.Release|x86.Build.0 = Release|Any CPU
		{21A3C93F-BBE5-4CA5-9209-6EDBF4F761ED}.Debug|Any CPU.ActiveCfg = Debug|Any CPU
		{21A3C93F-BBE5-4CA5-9209-6EDBF4F761ED}.Debug|Any CPU.Build.0 = Debug|Any CPU
		{21A3C93F-BBE5-4CA5-9209-6EDBF4F761ED}.Debug|x86.ActiveCfg = Debug|x86
		{21A3C93F-BBE5-4CA5-9209-6EDBF4F761ED}.Debug|x86.Build.0 = Debug|x86
		{21A3C93F-BBE5-4CA5-9209-6EDBF4F761ED}.Release|Any CPU.ActiveCfg = Release|Any CPU
		{21A3C93F-BBE5-4CA5-9209-6EDBF4F761ED}.Release|Any CPU.Build.0 = Release|Any CPU
		{21A3C93F-BBE5-4CA5-9209-6EDBF4F761ED}.Release|x86.ActiveCfg = Release|x86
		{21A3C93F-BBE5-4CA5-9209-6EDBF4F761ED}.Release|x86.Build.0 = Release|x86
		{65B33B00-93CE-484A-8023-7A9BA972D4D1}.Debug|Any CPU.ActiveCfg = Debug|Any CPU
		{65B33B00-93CE-484A-8023-7A9BA972D4D1}.Debug|Any CPU.Build.0 = Debug|Any CPU
		{65B33B00-93CE-484A-8023-7A9BA972D4D1}.Debug|x86.ActiveCfg = Debug|Any CPU
		{65B33B00-93CE-484A-8023-7A9BA972D4D1}.Debug|x86.Build.0 = Debug|Any CPU
		{65B33B00-93CE-484A-8023-7A9BA972D4D1}.Release|Any CPU.ActiveCfg = Release|Any CPU
		{65B33B00-93CE-484A-8023-7A9BA972D4D1}.Release|Any CPU.Build.0 = Release|Any CPU
		{65B33B00-93CE-484A-8023-7A9BA972D4D1}.Release|x86.ActiveCfg = Release|Any CPU
		{65B33B00-93CE-484A-8023-7A9BA972D4D1}.Release|x86.Build.0 = Release|Any CPU
		{12E6988E-D61B-4D15-AE53-6478EA04939F}.Debug|Any CPU.ActiveCfg = Debug|Any CPU
		{12E6988E-D61B-4D15-AE53-6478EA04939F}.Debug|Any CPU.Build.0 = Debug|Any CPU
		{12E6988E-D61B-4D15-AE53-6478EA04939F}.Debug|x86.ActiveCfg = Debug|Any CPU
		{12E6988E-D61B-4D15-AE53-6478EA04939F}.Debug|x86.Build.0 = Debug|Any CPU
		{12E6988E-D61B-4D15-AE53-6478EA04939F}.Release|Any CPU.ActiveCfg = Release|Any CPU
		{12E6988E-D61B-4D15-AE53-6478EA04939F}.Release|Any CPU.Build.0 = Release|Any CPU
		{12E6988E-D61B-4D15-AE53-6478EA04939F}.Release|x86.ActiveCfg = Release|Any CPU
		{12E6988E-D61B-4D15-AE53-6478EA04939F}.Release|x86.Build.0 = Release|Any CPU
		{BE7EB1B0-A70B-43A9-AE03-CC84643C8D15}.Debug|Any CPU.ActiveCfg = Debug|Any CPU
		{BE7EB1B0-A70B-43A9-AE03-CC84643C8D15}.Debug|Any CPU.Build.0 = Debug|Any CPU
		{BE7EB1B0-A70B-43A9-AE03-CC84643C8D15}.Debug|x86.ActiveCfg = Debug|Any CPU
		{BE7EB1B0-A70B-43A9-AE03-CC84643C8D15}.Debug|x86.Build.0 = Debug|Any CPU
		{BE7EB1B0-A70B-43A9-AE03-CC84643C8D15}.Release|Any CPU.ActiveCfg = Release|Any CPU
		{BE7EB1B0-A70B-43A9-AE03-CC84643C8D15}.Release|Any CPU.Build.0 = Release|Any CPU
		{BE7EB1B0-A70B-43A9-AE03-CC84643C8D15}.Release|x86.ActiveCfg = Release|Any CPU
		{BE7EB1B0-A70B-43A9-AE03-CC84643C8D15}.Release|x86.Build.0 = Release|Any CPU
		{B5729AE8-2AE6-4AE3-87E4-56F7061D9F45}.Debug|Any CPU.ActiveCfg = Debug|Any CPU
		{B5729AE8-2AE6-4AE3-87E4-56F7061D9F45}.Debug|Any CPU.Build.0 = Debug|Any CPU
		{B5729AE8-2AE6-4AE3-87E4-56F7061D9F45}.Debug|x86.ActiveCfg = Debug|Any CPU
		{B5729AE8-2AE6-4AE3-87E4-56F7061D9F45}.Debug|x86.Build.0 = Debug|Any CPU
		{B5729AE8-2AE6-4AE3-87E4-56F7061D9F45}.Release|Any CPU.ActiveCfg = Release|Any CPU
		{B5729AE8-2AE6-4AE3-87E4-56F7061D9F45}.Release|Any CPU.Build.0 = Release|Any CPU
		{B5729AE8-2AE6-4AE3-87E4-56F7061D9F45}.Release|x86.ActiveCfg = Release|Any CPU
		{B5729AE8-2AE6-4AE3-87E4-56F7061D9F45}.Release|x86.Build.0 = Release|Any CPU
		{785380E0-CEB9-4C34-82E5-60D0E33E848E}.Debug|Any CPU.ActiveCfg = Debug|Any CPU
		{785380E0-CEB9-4C34-82E5-60D0E33E848E}.Debug|Any CPU.Build.0 = Debug|Any CPU
		{785380E0-CEB9-4C34-82E5-60D0E33E848E}.Debug|x86.ActiveCfg = Debug|Any CPU
		{785380E0-CEB9-4C34-82E5-60D0E33E848E}.Debug|x86.Build.0 = Debug|Any CPU
		{785380E0-CEB9-4C34-82E5-60D0E33E848E}.Release|Any CPU.ActiveCfg = Release|Any CPU
		{785380E0-CEB9-4C34-82E5-60D0E33E848E}.Release|Any CPU.Build.0 = Release|Any CPU
		{785380E0-CEB9-4C34-82E5-60D0E33E848E}.Release|x86.ActiveCfg = Release|Any CPU
		{785380E0-CEB9-4C34-82E5-60D0E33E848E}.Release|x86.Build.0 = Release|Any CPU
		{3D06B912-D2E7-4E55-B6A7-A2BC597BE28F}.Debug|Any CPU.ActiveCfg = Debug|Any CPU
		{3D06B912-D2E7-4E55-B6A7-A2BC597BE28F}.Debug|Any CPU.Build.0 = Debug|Any CPU
		{3D06B912-D2E7-4E55-B6A7-A2BC597BE28F}.Debug|x86.ActiveCfg = Debug|Any CPU
		{3D06B912-D2E7-4E55-B6A7-A2BC597BE28F}.Debug|x86.Build.0 = Debug|Any CPU
		{3D06B912-D2E7-4E55-B6A7-A2BC597BE28F}.Release|Any CPU.ActiveCfg = Release|Any CPU
		{3D06B912-D2E7-4E55-B6A7-A2BC597BE28F}.Release|Any CPU.Build.0 = Release|Any CPU
		{3D06B912-D2E7-4E55-B6A7-A2BC597BE28F}.Release|x86.ActiveCfg = Release|Any CPU
		{3D06B912-D2E7-4E55-B6A7-A2BC597BE28F}.Release|x86.Build.0 = Release|Any CPU
		{8079D7D8-2B91-4A22-A13E-7E5AC5A9E5FC}.Debug|Any CPU.ActiveCfg = Debug|Any CPU
		{8079D7D8-2B91-4A22-A13E-7E5AC5A9E5FC}.Debug|Any CPU.Build.0 = Debug|Any CPU
		{8079D7D8-2B91-4A22-A13E-7E5AC5A9E5FC}.Debug|x86.ActiveCfg = Debug|Any CPU
		{8079D7D8-2B91-4A22-A13E-7E5AC5A9E5FC}.Debug|x86.Build.0 = Debug|Any CPU
		{8079D7D8-2B91-4A22-A13E-7E5AC5A9E5FC}.Release|Any CPU.ActiveCfg = Release|Any CPU
		{8079D7D8-2B91-4A22-A13E-7E5AC5A9E5FC}.Release|Any CPU.Build.0 = Release|Any CPU
		{8079D7D8-2B91-4A22-A13E-7E5AC5A9E5FC}.Release|x86.ActiveCfg = Release|Any CPU
		{8079D7D8-2B91-4A22-A13E-7E5AC5A9E5FC}.Release|x86.Build.0 = Release|Any CPU
	EndGlobalSection
	GlobalSection(SolutionProperties) = preSolution
		HideSolutionNode = FALSE
	EndGlobalSection
	GlobalSection(NestedProjects) = preSolution
		{21A3C93F-BBE5-4CA5-9209-6EDBF4F761ED} = {C0786D1C-603F-4738-9D00-ED886FC9AF9B}
		{12E6988E-D61B-4D15-AE53-6478EA04939F} = {05885794-79D1-4D8F-B56A-AE836DE22F49}
		{BE7EB1B0-A70B-43A9-AE03-CC84643C8D15} = {05885794-79D1-4D8F-B56A-AE836DE22F49}
	EndGlobalSection
	GlobalSection(ExtensibilityGlobals) = postSolution
		SolutionGuid = {F1A5D768-F297-477E-BEA4-85F0EB2F7BBB}
	EndGlobalSection
EndGlobal
